
Microsoft Visual Studio Solution File, Format Version 12.00
# Visual Studio 15
Project("{FAE04EC0-301F-11D3-BF4B-00C04F79EFBC}") = "UnityEngine.TestRunner", "UnityEngine.TestRunner.csproj", "{438EE45D-8C21-D0C6-BE9A-563A553EB708}"
EndProject
Project("{FAE04EC0-301F-11D3-BF4B-00C04F79EFBC}") = "Unity.Timeline", "Unity.Timeline.csproj", "{D348BEF6-B2F8-92B7-988D-263C0EF5FB14}"
EndProject
Project("{FAE04EC0-301F-11D3-BF4B-00C04F79EFBC}") = "UnityEngine.UI", "UnityEngine.UI.csproj", "{E4D31EB8-316B-A281-BEB9-4ED57DDA5F5B}"
EndProject
Project("{FAE04EC0-301F-11D3-BF4B-00C04F79EFBC}") = "Unity.TextMeshPro", "Unity.TextMeshPro.csproj", "{DC40F41F-3C0A-9B9F-6D96-88AAD4AF3CD6}"
EndProject
Project("{FAE04EC0-301F-11D3-BF4B-00C04F79EFBC}") = "UnityEditor.TestRunner", "UnityEditor.TestRunner.csproj", "{7A4DE14A-E418-7CB5-5C4A-C1AE2245062E}"
EndProject
Project("{FAE04EC0-301F-11D3-BF4B-00C04F79EFBC}") = "Unity.PlasticSCM.Editor", "Unity.PlasticSCM.Editor.csproj", "{28AC700C-2AFA-8241-F042-4E70177D538F}"
EndProject
Project("{FAE04EC0-301F-11D3-BF4B-00C04F79EFBC}") = "UnityEditor.UI", "UnityEditor.UI.csproj", "{BF33E6D0-DEC0-D79E-C99C-6C61A5D8A3A9}"
EndProject
Project("{FAE04EC0-301F-11D3-BF4B-00C04F79EFBC}") = "Unity.Services.Core.Editor", "Unity.Services.Core.Editor.csproj", "{98190307-CAC0-B42B-F06E-EBCA6C03ED39}"
EndProject
Project("{FAE04EC0-301F-11D3-BF4B-00C04F79EFBC}") = "Unity.Timeline.Editor", "Unity.Timeline.Editor.csproj", "{7D3E34EF-499A-A1C3-C147-F56F33A4E1A5}"
EndProject
Project("{FAE04EC0-301F-11D3-BF4B-00C04F79EFBC}") = "Unity.VisualStudio.Editor", "Unity.VisualStudio.Editor.csproj", "{E395258C-DB63-63F8-AD2E-BE9DFA93920F}"
EndProject
Project("{FAE04EC0-301F-11D3-BF4B-00C04F79EFBC}") = "Unity.TextMeshPro.Editor", "Unity.TextMeshPro.Editor.csproj", "{C58B0D28-0493-C74D-FDB8-BD657905C77B}"
EndProject
Project("{FAE04EC0-301F-11D3-BF4B-00C04F79EFBC}") = "Unity.CollabProxy.Editor", "Unity.CollabProxy.Editor.csproj", "{CD36CAC9-0021-24C9-4AB4-EF99F7AA72C6}"
EndProject
Project("{FAE04EC0-301F-11D3-BF4B-00C04F79EFBC}") = "Unity.Rider.Editor", "Unity.Rider.Editor.csproj", "{40ACCF61-8B1A-6529-C682-0497CD5391F0}"
EndProject
Project("{FAE04EC0-301F-11D3-BF4B-00C04F79EFBC}") = "Unity.VSCode.Editor", "Unity.VSCode.Editor.csproj", "{375B55A4-4CBE-9673-E9C6-04088B532B54}"
EndProject
Project("{FAE04EC0-301F-11D3-BF4B-00C04F79EFBC}") = "UnityEngine.TestRunner", "UnityEngine.TestRunner.Player.csproj", "{F19F635C-835B-0BF2-B4A3-48F472489FA3}"
EndProject
Project("{FAE04EC0-301F-11D3-BF4B-00C04F79EFBC}") = "Unity.Timeline", "Unity.Timeline.Player.csproj", "{DB14B3EA-D2D7-8204-5E5E-5AA9DC6D72B2}"
EndProject
Project("{FAE04EC0-301F-11D3-BF4B-00C04F79EFBC}") = "UnityEngine.UI", "UnityEngine.UI.Player.csproj", "{C317FBA6-D319-66E4-39E5-8A5E68DDD2A6}"
EndProject
Project("{FAE04EC0-301F-11D3-BF4B-00C04F79EFBC}") = "Unity.TextMeshPro", "Unity.TextMeshPro.Player.csproj", "{DF4F185F-285B-BAB6-05AE-2CED22CE228E}"
EndProject
Global
	GlobalSection(SolutionConfigurationPlatforms) = preSolution
		Debug|Any CPU = Debug|Any CPU
		Release|Any CPU = Release|Any CPU
	EndGlobalSection
	GlobalSection(ProjectConfigurationPlatforms) = postSolution
		{438EE45D-8C21-D0C6-BE9A-563A553EB708}.Debug|Any CPU.ActiveCfg = Debug|Any CPU
		{438EE45D-8C21-D0C6-BE9A-563A553EB708}.Debug|Any CPU.Build.0 = Debug|Any CPU
		{438EE45D-8C21-D0C6-BE9A-563A553EB708}.Release|Any CPU.ActiveCfg = Release|Any CPU
		{438EE45D-8C21-D0C6-BE9A-563A553EB708}.Release|Any CPU.Build.0 = Release|Any CPU
		{D348BEF6-B2F8-92B7-988D-263C0EF5FB14}.Debug|Any CPU.ActiveCfg = Debug|Any CPU
		{D348BEF6-B2F8-92B7-988D-263C0EF5FB14}.Debug|Any CPU.Build.0 = Debug|Any CPU
		{D348BEF6-B2F8-92B7-988D-263C0EF5FB14}.Release|Any CPU.ActiveCfg = Release|Any CPU
		{D348BEF6-B2F8-92B7-988D-263C0EF5FB14}.Release|Any CPU.Build.0 = Release|Any CPU
		{E4D31EB8-316B-A281-BEB9-4ED57DDA5F5B}.Debug|Any CPU.ActiveCfg = Debug|Any CPU
		{E4D31EB8-316B-A281-BEB9-4ED57DDA5F5B}.Debug|Any CPU.Build.0 = Debug|Any CPU
		{E4D31EB8-316B-A281-BEB9-4ED57DDA5F5B}.Release|Any CPU.ActiveCfg = Release|Any CPU
		{E4D31EB8-316B-A281-BEB9-4ED57DDA5F5B}.Release|Any CPU.Build.0 = Release|Any CPU
		{DC40F41F-3C0A-9B9F-6D96-88AAD4AF3CD6}.Debug|Any CPU.ActiveCfg = Debug|Any CPU
		{DC40F41F-3C0A-9B9F-6D96-88AAD4AF3CD6}.Debug|Any CPU.Build.0 = Debug|Any CPU
		{DC40F41F-3C0A-9B9F-6D96-88AAD4AF3CD6}.Release|Any CPU.ActiveCfg = Release|Any CPU
		{DC40F41F-3C0A-9B9F-6D96-88AAD4AF3CD6}.Release|Any CPU.Build.0 = Release|Any CPU
		{7A4DE14A-E418-7CB5-5C4A-C1AE2245062E}.Debug|Any CPU.ActiveCfg = Debug|Any CPU
		{7A4DE14A-E418-7CB5-5C4A-C1AE2245062E}.Debug|Any CPU.Build.0 = Debug|Any CPU
		{7A4DE14A-E418-7CB5-5C4A-C1AE2245062E}.Release|Any CPU.ActiveCfg = Release|Any CPU
		{7A4DE14A-E418-7CB5-5C4A-C1AE2245062E}.Release|Any CPU.Build.0 = Release|Any CPU
		{28AC700C-2AFA-8241-F042-4E70177D538F}.Debug|Any CPU.ActiveCfg = Debug|Any CPU
		{28AC700C-2AFA-8241-F042-4E70177D538F}.Debug|Any CPU.Build.0 = Debug|Any CPU
		{28AC700C-2AFA-8241-F042-4E70177D538F}.Release|Any CPU.ActiveCfg = Release|Any CPU
		{28AC700C-2AFA-8241-F042-4E70177D538F}.Release|Any CPU.Build.0 = Release|Any CPU
		{BF33E6D0-DEC0-D79E-C99C-6C61A5D8A3A9}.Debug|Any CPU.ActiveCfg = Debug|Any CPU
		{BF33E6D0-DEC0-D79E-C99C-6C61A5D8A3A9}.Debug|Any CPU.Build.0 = Debug|Any CPU
		{BF33E6D0-DEC0-D79E-C99C-6C61A5D8A3A9}.Release|Any CPU.ActiveCfg = Release|Any CPU
		{BF33E6D0-DEC0-D79E-C99C-6C61A5D8A3A9}.Release|Any CPU.Build.0 = Release|Any CPU
		{98190307-CAC0-B42B-F06E-EBCA6C03ED39}.Debug|Any CPU.ActiveCfg = Debug|Any CPU
		{98190307-CAC0-B42B-F06E-EBCA6C03ED39}.Debug|Any CPU.Build.0 = Debug|Any CPU
		{98190307-CAC0-B42B-F06E-EBCA6C03ED39}.Release|Any CPU.ActiveCfg = Release|Any CPU
		{98190307-CAC0-B42B-F06E-EBCA6C03ED39}.Release|Any CPU.Build.0 = Release|Any CPU
		{7D3E34EF-499A-A1C3-C147-F56F33A4E1A5}.Debug|Any CPU.ActiveCfg = Debug|Any CPU
		{7D3E34EF-499A-A1C3-C147-F56F33A4E1A5}.Debug|Any CPU.Build.0 = Debug|Any CPU
		{7D3E34EF-499A-A1C3-C147-F56F33A4E1A5}.Release|Any CPU.ActiveCfg = Release|Any CPU
		{7D3E34EF-499A-A1C3-C147-F56F33A4E1A5}.Release|Any CPU.Build.0 = Release|Any CPU
		{E395258C-DB63-63F8-AD2E-BE9DFA93920F}.Debug|Any CPU.ActiveCfg = Debug|Any CPU
		{E395258C-DB63-63F8-AD2E-BE9DFA93920F}.Debug|Any CPU.Build.0 = Debug|Any CPU
		{E395258C-DB63-63F8-AD2E-BE9DFA93920F}.Release|Any CPU.ActiveCfg = Release|Any CPU
		{E395258C-DB63-63F8-AD2E-BE9DFA93920F}.Release|Any CPU.Build.0 = Release|Any CPU
		{C58B0D28-0493-C74D-FDB8-BD657905C77B}.Debug|Any CPU.ActiveCfg = Debug|Any CPU
		{C58B0D28-0493-C74D-FDB8-BD657905C77B}.Debug|Any CPU.Build.0 = Debug|Any CPU
		{C58B0D28-0493-C74D-FDB8-BD657905C77B}.Release|Any CPU.ActiveCfg = Release|Any CPU
		{C58B0D28-0493-C74D-FDB8-BD657905C77B}.Release|Any CPU.Build.0 = Release|Any CPU
		{CD36CAC9-0021-24C9-4AB4-EF99F7AA72C6}.Debug|Any CPU.ActiveCfg = Debug|Any CPU
		{CD36CAC9-0021-24C9-4AB4-EF99F7AA72C6}.Debug|Any CPU.Build.0 = Debug|Any CPU
		{CD36CAC9-0021-24C9-4AB4-EF99F7AA72C6}.Release|Any CPU.ActiveCfg = Release|Any CPU
		{CD36CAC9-0021-24C9-4AB4-EF99F7AA72C6}.Release|Any CPU.Build.0 = Release|Any CPU
		{40ACCF61-8B1A-6529-C682-0497CD5391F0}.Debug|Any CPU.ActiveCfg = Debug|Any CPU
		{40ACCF61-8B1A-6529-C682-0497CD5391F0}.Debug|Any CPU.Build.0 = Debug|Any CPU
		{40ACCF61-8B1A-6529-C682-0497CD5391F0}.Release|Any CPU.ActiveCfg = Release|Any CPU
		{40ACCF61-8B1A-6529-C682-0497CD5391F0}.Release|Any CPU.Build.0 = Release|Any CPU
		{375B55A4-4CBE-9673-E9C6-04088B532B54}.Debug|Any CPU.ActiveCfg = Debug|Any CPU
		{375B55A4-4CBE-9673-E9C6-04088B532B54}.Debug|Any CPU.Build.0 = Debug|Any CPU
		{375B55A4-4CBE-9673-E9C6-04088B532B54}.Release|Any CPU.ActiveCfg = Release|Any CPU
		{375B55A4-4CBE-9673-E9C6-04088B532B54}.Release|Any CPU.Build.0 = Release|Any CPU
		{F19F635C-835B-0BF2-B4A3-48F472489FA3}.Debug|Any CPU.ActiveCfg = Debug|Any CPU
		{F19F635C-835B-0BF2-B4A3-48F472489FA3}.Debug|Any CPU.Build.0 = Debug|Any CPU
		{F19F635C-835B-0BF2-B4A3-48F472489FA3}.Release|Any CPU.ActiveCfg = Release|Any CPU
		{F19F635C-835B-0BF2-B4A3-48F472489FA3}.Release|Any CPU.Build.0 = Release|Any CPU
		{DB14B3EA-D2D7-8204-5E5E-5AA9DC6D72B2}.Debug|Any CPU.ActiveCfg = Debug|Any CPU
		{DB14B3EA-D2D7-8204-5E5E-5AA9DC6D72B2}.Debug|Any CPU.Build.0 = Debug|Any CPU
		{DB14B3EA-D2D7-8204-5E5E-5AA9DC6D72B2}.Release|Any CPU.ActiveCfg = Release|Any CPU
		{DB14B3EA-D2D7-8204-5E5E-5AA9DC6D72B2}.Release|Any CPU.Build.0 = Release|Any CPU
		{C317FBA6-D319-66E4-39E5-8A5E68DDD2A6}.Debug|Any CPU.ActiveCfg = Debug|Any CPU
		{C317FBA6-D319-66E4-39E5-8A5E68DDD2A6}.Debug|Any CPU.Build.0 = Debug|Any CPU
		{C317FBA6-D319-66E4-39E5-8A5E68DDD2A6}.Release|Any CPU.ActiveCfg = Release|Any CPU
		{C317FBA6-D319-66E4-39E5-8A5E68DDD2A6}.Release|Any CPU.Build.0 = Release|Any CPU
		{DF4F185F-285B-BAB6-05AE-2CED22CE228E}.Debug|Any CPU.ActiveCfg = Debug|Any CPU
		{DF4F185F-285B-BAB6-05AE-2CED22CE228E}.Debug|Any CPU.Build.0 = Debug|Any CPU
		{DF4F185F-285B-BAB6-05AE-2CED22CE228E}.Release|Any CPU.ActiveCfg = Release|Any CPU
		{DF4F185F-285B-BAB6-05AE-2CED22CE228E}.Release|Any CPU.Build.0 = Release|Any CPU
	EndGlobalSection
	GlobalSection(SolutionProperties) = preSolution
		HideSolutionNode = FALSE
	EndGlobalSection
EndGlobal
